
Microsoft Visual Studio Solution File, Format Version 12.00
# Visual Studio Version 17
VisualStudioVersion = 17.8.34227.203
MinimumVisualStudioVersion = 10.0.40219.1
Project("{9A19103F-16F7-4668-BE54-9A1E7A4F7556}") = "UdemyDeepLearningX", "UdemyDeepLearningX\UdemyDeepLearningX.csproj", "{770123C6-F289-4C1A-9934-B43AF6F4BC76}"
EndProject
Project("{9A19103F-16F7-4668-BE54-9A1E7A4F7556}") = "UdemyDeepLearningX.Desktop", "UdemyDeepLearningX.Desktop\UdemyDeepLearningX.Desktop.csproj", "{597C9285-8176-4431-BFA0-A84FDA051A24}"
EndProject
Global
	GlobalSection(SolutionConfigurationPlatforms) = preSolution
		Debug|Any CPU = Debug|Any CPU
		Release|Any CPU = Release|Any CPU
	EndGlobalSection
	GlobalSection(ProjectConfigurationPlatforms) = postSolution
		{770123C6-F289-4C1A-9934-B43AF6F4BC76}.Debug|Any CPU.ActiveCfg = Debug|Any CPU
		{770123C6-F289-4C1A-9934-B43AF6F4BC76}.Debug|Any CPU.Build.0 = Debug|Any CPU
		{770123C6-F289-4C1A-9934-B43AF6F4BC76}.Release|Any CPU.ActiveCfg = Release|Any CPU
		{770123C6-F289-4C1A-9934-B43AF6F4BC76}.Release|Any CPU.Build.0 = Release|Any CPU
		{597C9285-8176-4431-BFA0-A84FDA051A24}.Debug|Any CPU.ActiveCfg = Debug|Any CPU
		{597C9285-8176-4431-BFA0-A84FDA051A24}.Debug|Any CPU.Build.0 = Debug|Any CPU
		{597C9285-8176-4431-BFA0-A84FDA051A24}.Release|Any CPU.ActiveCfg = Release|Any CPU
		{597C9285-8176-4431-BFA0-A84FDA051A24}.Release|Any CPU.Build.0 = Release|Any CPU
	EndGlobalSection
	GlobalSection(SolutionProperties) = preSolution
		HideSolutionNode = FALSE
	EndGlobalSection
	GlobalSection(ExtensibilityGlobals) = postSolution
		SolutionGuid = {81D7BE2E-717E-4472-9BA3-610A6BC86295}
	EndGlobalSection
EndGlobal
